
Microsoft Visual Studio Solution File, Format Version 12.00
# Visual Studio Version 17
VisualStudioVersion = 17.14.36623.8 d17.14
MinimumVisualStudioVersion = 10.0.40219.1
Project("{FAE04EC0-301F-11D3-BF4B-00C04F79EFBC}") = "FileDownloader", "FileDownloader.csproj", "{49D54C7B-F6D5-4F05-BA1B-E3D7A3257CD5}"
EndProject
Global
	GlobalSection(SolutionConfigurationPlatforms) = preSolution
		Debug|Any CPU = Debug|Any CPU
		Release|Any CPU = Release|Any CPU
	EndGlobalSection
	GlobalSection(ProjectConfigurationPlatforms) = postSolution
		{49D54C7B-F6D5-4F05-BA1B-E3D7A3257CD5}.Debug|Any CPU.ActiveCfg = Debug|Any CPU
		{49D54C7B-F6D5-4F05-BA1B-E3D7A3257CD5}.Debug|Any CPU.Build.0 = Debug|Any CPU
		{49D54C7B-F6D5-4F05-BA1B-E3D7A3257CD5}.Release|Any CPU.ActiveCfg = Release|Any CPU
		{49D54C7B-F6D5-4F05-BA1B-E3D7A3257CD5}.Release|Any CPU.Build.0 = Release|Any CPU
	EndGlobalSection
	GlobalSection(SolutionProperties) = preSolution
		HideSolutionNode = FALSE
	EndGlobalSection
	GlobalSection(ExtensibilityGlobals) = postSolution
		SolutionGuid = {D589906F-5DA3-496B-8B1B-CD293F2C9A56}
	EndGlobalSection
EndGlobal
